
Microsoft Visual Studio Solution File, Format Version 12.00
# Visual Studio 15
VisualStudioVersion = 15.0.28010.2026
MinimumVisualStudioVersion = 10.0.40219.1
Project("{9A19103F-16F7-4668-BE54-9A1E7A4F7556}") = "ELearning", "ELearning\ELearning.csproj", "{042EB3EA-E577-44BD-ADF2-B57601EE4070}"
EndProject
Project("{9A19103F-16F7-4668-BE54-9A1E7A4F7556}") = "ELearning.DAL", "ELearning.DAL\ELearning.DAL.csproj", "{4DE0BBEE-E9B0-406C-8A71-17242870EA7D}"
EndProject
Project("{9A19103F-16F7-4668-BE54-9A1E7A4F7556}") = "ELearning.BAL", "ELearning.BAL\ELearning.BAL.csproj", "{500F7A7F-E3DB-498F-B854-ABCF2A81ABC8}"
EndProject
Project("{9A19103F-16F7-4668-BE54-9A1E7A4F7556}") = "ELearning.Model", "ELearning.Model\ELearning.Model.csproj", "{AC93581D-7269-4198-9901-BD36F9E45BAE}"
EndProject
Project("{FAE04EC0-301F-11D3-BF4B-00C04F79EFBC}") = "ELearning.Utility", "ELearning.Utility\ELearning.Utility.csproj", "{21FB5BA8-573C-4F49-A45A-5FAB863850A6}"
EndProject
Global
	GlobalSection(SolutionConfigurationPlatforms) = preSolution
		Debug|Any CPU = Debug|Any CPU
		Release|Any CPU = Release|Any CPU
	EndGlobalSection
	GlobalSection(ProjectConfigurationPlatforms) = postSolution
		{042EB3EA-E577-44BD-ADF2-B57601EE4070}.Debug|Any CPU.ActiveCfg = Debug|Any CPU
		{042EB3EA-E577-44BD-ADF2-B57601EE4070}.Debug|Any CPU.Build.0 = Debug|Any CPU
		{042EB3EA-E577-44BD-ADF2-B57601EE4070}.Release|Any CPU.ActiveCfg = Release|Any CPU
		{042EB3EA-E577-44BD-ADF2-B57601EE4070}.Release|Any CPU.Build.0 = Release|Any CPU
		{4DE0BBEE-E9B0-406C-8A71-17242870EA7D}.Debug|Any CPU.ActiveCfg = Debug|Any CPU
		{4DE0BBEE-E9B0-406C-8A71-17242870EA7D}.Debug|Any CPU.Build.0 = Debug|Any CPU
		{4DE0BBEE-E9B0-406C-8A71-17242870EA7D}.Release|Any CPU.ActiveCfg = Release|Any CPU
		{4DE0BBEE-E9B0-406C-8A71-17242870EA7D}.Release|Any CPU.Build.0 = Release|Any CPU
		{500F7A7F-E3DB-498F-B854-ABCF2A81ABC8}.Debug|Any CPU.ActiveCfg = Debug|Any CPU
		{500F7A7F-E3DB-498F-B854-ABCF2A81ABC8}.Debug|Any CPU.Build.0 = Debug|Any CPU
		{500F7A7F-E3DB-498F-B854-ABCF2A81ABC8}.Release|Any CPU.ActiveCfg = Release|Any CPU
		{500F7A7F-E3DB-498F-B854-ABCF2A81ABC8}.Release|Any CPU.Build.0 = Release|Any CPU
		{AC93581D-7269-4198-9901-BD36F9E45BAE}.Debug|Any CPU.ActiveCfg = Debug|Any CPU
		{AC93581D-7269-4198-9901-BD36F9E45BAE}.Debug|Any CPU.Build.0 = Debug|Any CPU
		{AC93581D-7269-4198-9901-BD36F9E45BAE}.Release|Any CPU.ActiveCfg = Release|Any CPU
		{AC93581D-7269-4198-9901-BD36F9E45BAE}.Release|Any CPU.Build.0 = Release|Any CPU
		{21FB5BA8-573C-4F49-A45A-5FAB863850A6}.Debug|Any CPU.ActiveCfg = Debug|Any CPU
		{21FB5BA8-573C-4F49-A45A-5FAB863850A6}.Debug|Any CPU.Build.0 = Debug|Any CPU
		{21FB5BA8-573C-4F49-A45A-5FAB863850A6}.Release|Any CPU.ActiveCfg = Release|Any CPU
		{21FB5BA8-573C-4F49-A45A-5FAB863850A6}.Release|Any CPU.Build.0 = Release|Any CPU
	EndGlobalSection
	GlobalSection(SolutionProperties) = preSolution
		HideSolutionNode = FALSE
	EndGlobalSection
	GlobalSection(ExtensibilityGlobals) = postSolution
		SolutionGuid = {9B4D6367-F00F-4B02-8AFD-856B4FA8DC71}
	EndGlobalSection
EndGlobal
